
Microsoft Visual Studio Solution File, Format Version 12.00
# Visual Studio Version 18
VisualStudioVersion = 18.7.11919.86 stable
MinimumVisualStudioVersion = 10.0.40219.1
Project("{FAE04EC0-301F-11D3-BF4B-00C04F79EFBC}") = "NetKiwi", "NetKiwi\NetKiwi.csproj", "{98B27F86-3593-4654-A29B-AB4ADA666606}"
EndProject
Project("{FAE04EC0-301F-11D3-BF4B-00C04F79EFBC}") = "NetKiwi.Test", "NetKiwi.Test\NetKiwi.Test.csproj", "{706EC686-28F7-4E99-9FF1-E046240AC19B}"
EndProject
Global
	GlobalSection(SolutionConfigurationPlatforms) = preSolution
		Debug|Any CPU = Debug|Any CPU
		Debug|ARM32 = Debug|ARM32
		Debug|x64 = Debug|x64
		Release|Any CPU = Release|Any CPU
		Release|ARM32 = Release|ARM32
		Release|x64 = Release|x64
	EndGlobalSection
	GlobalSection(ProjectConfigurationPlatforms) = postSolution
		{98B27F86-3593-4654-A29B-AB4ADA666606}.Debug|Any CPU.ActiveCfg = Debug|Any CPU
		{98B27F86-3593-4654-A29B-AB4ADA666606}.Debug|Any CPU.Build.0 = Debug|Any CPU
		{98B27F86-3593-4654-A29B-AB4ADA666606}.Debug|ARM32.ActiveCfg = Debug|Any CPU
		{98B27F86-3593-4654-A29B-AB4ADA666606}.Debug|ARM32.Build.0 = Debug|Any CPU
		{98B27F86-3593-4654-A29B-AB4ADA666606}.Debug|x64.ActiveCfg = Debug|x64
		{98B27F86-3593-4654-A29B-AB4ADA666606}.Debug|x64.Build.0 = Debug|x64
		{98B27F86-3593-4654-A29B-AB4ADA666606}.Release|Any CPU.ActiveCfg = Release|Any CPU
		{98B27F86-3593-4654-A29B-AB4ADA666606}.Release|Any CPU.Build.0 = Release|Any CPU
		{98B27F86-3593-4654-A29B-AB4ADA666606}.Release|ARM32.ActiveCfg = Release|Any CPU
		{98B27F86-3593-4654-A29B-AB4ADA666606}.Release|ARM32.Build.0 = Release|Any CPU
		{98B27F86-3593-4654-A29B-AB4ADA666606}.Release|x64.ActiveCfg = Release|x64
		{98B27F86-3593-4654-A29B-AB4ADA666606}.Release|x64.Build.0 = Release|x64
		{706EC686-28F7-4E99-9FF1-E046240AC19B}.Debug|Any CPU.ActiveCfg = Debug|Any CPU
		{706EC686-28F7-4E99-9FF1-E046240AC19B}.Debug|Any CPU.Build.0 = Debug|Any CPU
		{706EC686-28F7-4E99-9FF1-E046240AC19B}.Debug|ARM32.ActiveCfg = Debug|ARM32
		{706EC686-28F7-4E99-9FF1-E046240AC19B}.Debug|ARM32.Build.0 = Debug|ARM32
		{706EC686-28F7-4E99-9FF1-E046240AC19B}.Debug|x64.ActiveCfg = Debug|x64
		{706EC686-28F7-4E99-9FF1-E046240AC19B}.Debug|x64.Build.0 = Debug|x64
		{706EC686-28F7-4E99-9FF1-E046240AC19B}.Release|Any CPU.ActiveCfg = Release|Any CPU
		{706EC686-28F7-4E99-9FF1-E046240AC19B}.Release|Any CPU.Build.0 = Release|Any CPU
		{706EC686-28F7-4E99-9FF1-E046240AC19B}.Release|ARM32.ActiveCfg = Release|ARM32
		{706EC686-28F7-4E99-9FF1-E046240AC19B}.Release|ARM32.Build.0 = Release|ARM32
		{706EC686-28F7-4E99-9FF1-E046240AC19B}.Release|x64.ActiveCfg = Release|x64
		{706EC686-28F7-4E99-9FF1-E046240AC19B}.Release|x64.Build.0 = Release|x64
	EndGlobalSection
	GlobalSection(SolutionProperties) = preSolution
		HideSolutionNode = FALSE
	EndGlobalSection
	GlobalSection(ExtensibilityGlobals) = postSolution
		SolutionGuid = {6D6F0E8E-B712-498F-82C5-3D0437B4C548}
	EndGlobalSection
EndGlobal
